
Microsoft Visual Studio Solution File, Format Version 12.00
# Visual Studio Version 17
VisualStudioVersion = 17.9.34728.123
MinimumVisualStudioVersion = 10.0.40219.1
Project("{8BC9CEB8-8B4A-11D0-8D11-00A0C91BC942}") = "google_tests", "google_tests\google_tests.vcxproj", "{75C60D11-ED58-4FE2-8979-F432FEE3408E}"
EndProject
Global
	GlobalSection(SolutionConfigurationPlatforms) = preSolution
		Debug|x64 = Debug|x64
		Debug|x86 = Debug|x86
		Release|x64 = Release|x64
		Release|x86 = Release|x86
	EndGlobalSection
	GlobalSection(ProjectConfigurationPlatforms) = postSolution
		{75C60D11-ED58-4FE2-8979-F432FEE3408E}.Debug|x64.ActiveCfg = Debug|x64
		{75C60D11-ED58-4FE2-8979-F432FEE3408E}.Debug|x64.Build.0 = Debug|x64
		{75C60D11-ED58-4FE2-8979-F432FEE3408E}.Debug|x86.ActiveCfg = Debug|Win32
		{75C60D11-ED58-4FE2-8979-F432FEE3408E}.Debug|x86.Build.0 = Debug|Win32
		{75C60D11-ED58-4FE2-8979-F432FEE3408E}.Release|x64.ActiveCfg = Release|x64
		{75C60D11-ED58-4FE2-8979-F432FEE3408E}.Release|x64.Build.0 = Release|x64
		{75C60D11-ED58-4FE2-8979-F432FEE3408E}.Release|x86.ActiveCfg = Release|Win32
		{75C60D11-ED58-4FE2-8979-F432FEE3408E}.Release|x86.Build.0 = Release|Win32
	EndGlobalSection
	GlobalSection(SolutionProperties) = preSolution
		HideSolutionNode = FALSE
	EndGlobalSection
	GlobalSection(ExtensibilityGlobals) = postSolution
		SolutionGuid = {04DF9DED-C2BD-4A3F-9263-3CE0AA71EC2E}
	EndGlobalSection
EndGlobal
